
Microsoft Visual Studio Solution File, Format Version 12.00
# Visual Studio Version 17
VisualStudioVersion = 17.2.32505.173
MinimumVisualStudioVersion = 10.0.40219.1
Project("{8BC9CEB8-8B4A-11D0-8D11-00A0C91BC942}") = "minmaxmoveobserve", "minmaxmoveobserve\minmaxmoveobserve.vcxproj", "{2242464D-A11E-4B30-989B-06155337C1AF}"
EndProject
Global
	GlobalSection(SolutionConfigurationPlatforms) = preSolution
		Debug|x64 = Debug|x64
		Debug|x86 = Debug|x86
		Release|x64 = Release|x64
		Release|x86 = Release|x86
	EndGlobalSection
	GlobalSection(ProjectConfigurationPlatforms) = postSolution
		{2242464D-A11E-4B30-989B-06155337C1AF}.Debug|x64.ActiveCfg = Debug|x64
		{2242464D-A11E-4B30-989B-06155337C1AF}.Debug|x64.Build.0 = Debug|x64
		{2242464D-A11E-4B30-989B-06155337C1AF}.Debug|x86.ActiveCfg = Debug|Win32
		{2242464D-A11E-4B30-989B-06155337C1AF}.Debug|x86.Build.0 = Debug|Win32
		{2242464D-A11E-4B30-989B-06155337C1AF}.Release|x64.ActiveCfg = Release|x64
		{2242464D-A11E-4B30-989B-06155337C1AF}.Release|x64.Build.0 = Release|x64
		{2242464D-A11E-4B30-989B-06155337C1AF}.Release|x86.ActiveCfg = Release|Win32
		{2242464D-A11E-4B30-989B-06155337C1AF}.Release|x86.Build.0 = Release|Win32
	EndGlobalSection
	GlobalSection(SolutionProperties) = preSolution
		HideSolutionNode = FALSE
	EndGlobalSection
	GlobalSection(ExtensibilityGlobals) = postSolution
		SolutionGuid = {CB6CD954-AFA1-4179-BF47-FD2D89E27117}
	EndGlobalSection
EndGlobal
