
Microsoft Visual Studio Solution File, Format Version 12.00
# Visual Studio Version 17
VisualStudioVersion = 17.2.32505.173
MinimumVisualStudioVersion = 10.0.40219.1
Project("{8BC9CEB8-8B4A-11D0-8D11-00A0C91BC942}") = "ConsoleApplication1", "ConsoleApplication1\ConsoleApplication1.vcxproj", "{1E591330-B358-4048-A56C-CF1E2D8603F5}"
EndProject
Project("{8BC9CEB8-8B4A-11D0-8D11-00A0C91BC942}") = "inject", "inject\hsbinject.vcxproj", "{48DFA059-5A02-457C-830A-EE24FA1C8FC7}"
EndProject
Project("{8BC9CEB8-8B4A-11D0-8D11-00A0C91BC942}") = "ConsoleApplication2", "ConsoleApplication2\ConsoleApplication2.vcxproj", "{880700EF-90F1-43D5-BF3D-1C538989522B}"
EndProject
Project("{8BC9CEB8-8B4A-11D0-8D11-00A0C91BC942}") = "ConsoleApplication3", "ConsoleApplication3\ConsoleApplication3.vcxproj", "{27210B3D-4A3F-43E3-94B1-8F285AD9099C}"
EndProject
Project("{54435603-DBB4-11D2-8724-00A0C9A8B90C}") = "Setup1", "Setup1\Setup1.vdproj", "{AFB45A31-D9DD-4724-BA14-C658778159D8}"
EndProject
Project("{54435603-DBB4-11D2-8724-00A0C9A8B90C}") = "Setup2", "Setup2\Setup2.vdproj", "{A21C3DE6-3513-41FF-8CFB-C2B7B293EA4A}"
EndProject
Global
	GlobalSection(SolutionConfigurationPlatforms) = preSolution
		Debug|x64 = Debug|x64
		Debug|x86 = Debug|x86
		Release|x64 = Release|x64
		Release|x86 = Release|x86
	EndGlobalSection
	GlobalSection(ProjectConfigurationPlatforms) = postSolution
		{1E591330-B358-4048-A56C-CF1E2D8603F5}.Debug|x64.ActiveCfg = Debug|x64
		{1E591330-B358-4048-A56C-CF1E2D8603F5}.Debug|x64.Build.0 = Debug|x64
		{1E591330-B358-4048-A56C-CF1E2D8603F5}.Debug|x86.ActiveCfg = Debug|Win32
		{1E591330-B358-4048-A56C-CF1E2D8603F5}.Debug|x86.Build.0 = Debug|Win32
		{1E591330-B358-4048-A56C-CF1E2D8603F5}.Release|x64.ActiveCfg = Release|x64
		{1E591330-B358-4048-A56C-CF1E2D8603F5}.Release|x64.Build.0 = Release|x64
		{1E591330-B358-4048-A56C-CF1E2D8603F5}.Release|x86.ActiveCfg = Release|Win32
		{1E591330-B358-4048-A56C-CF1E2D8603F5}.Release|x86.Build.0 = Release|Win32
		{48DFA059-5A02-457C-830A-EE24FA1C8FC7}.Debug|x64.ActiveCfg = Debug|x64
		{48DFA059-5A02-457C-830A-EE24FA1C8FC7}.Debug|x64.Build.0 = Debug|x64
		{48DFA059-5A02-457C-830A-EE24FA1C8FC7}.Debug|x86.ActiveCfg = Debug|Win32
		{48DFA059-5A02-457C-830A-EE24FA1C8FC7}.Debug|x86.Build.0 = Debug|Win32
		{48DFA059-5A02-457C-830A-EE24FA1C8FC7}.Release|x64.ActiveCfg = Release|x64
		{48DFA059-5A02-457C-830A-EE24FA1C8FC7}.Release|x64.Build.0 = Release|x64
		{48DFA059-5A02-457C-830A-EE24FA1C8FC7}.Release|x86.ActiveCfg = Release|Win32
		{48DFA059-5A02-457C-830A-EE24FA1C8FC7}.Release|x86.Build.0 = Release|Win32
		{880700EF-90F1-43D5-BF3D-1C538989522B}.Debug|x64.ActiveCfg = Debug|x64
		{880700EF-90F1-43D5-BF3D-1C538989522B}.Debug|x64.Build.0 = Debug|x64
		{880700EF-90F1-43D5-BF3D-1C538989522B}.Debug|x86.ActiveCfg = Debug|Win32
		{880700EF-90F1-43D5-BF3D-1C538989522B}.Debug|x86.Build.0 = Debug|Win32
		{880700EF-90F1-43D5-BF3D-1C538989522B}.Release|x64.ActiveCfg = Release|x64
		{880700EF-90F1-43D5-BF3D-1C538989522B}.Release|x64.Build.0 = Release|x64
		{880700EF-90F1-43D5-BF3D-1C538989522B}.Release|x86.ActiveCfg = Release|Win32
		{880700EF-90F1-43D5-BF3D-1C538989522B}.Release|x86.Build.0 = Release|Win32
		{27210B3D-4A3F-43E3-94B1-8F285AD9099C}.Debug|x64.ActiveCfg = Debug|x64
		{27210B3D-4A3F-43E3-94B1-8F285AD9099C}.Debug|x64.Build.0 = Debug|x64
		{27210B3D-4A3F-43E3-94B1-8F285AD9099C}.Debug|x86.ActiveCfg = Debug|Win32
		{27210B3D-4A3F-43E3-94B1-8F285AD9099C}.Debug|x86.Build.0 = Debug|Win32
		{27210B3D-4A3F-43E3-94B1-8F285AD9099C}.Release|x64.ActiveCfg = Release|x64
		{27210B3D-4A3F-43E3-94B1-8F285AD9099C}.Release|x64.Build.0 = Release|x64
		{27210B3D-4A3F-43E3-94B1-8F285AD9099C}.Release|x86.ActiveCfg = Release|Win32
		{27210B3D-4A3F-43E3-94B1-8F285AD9099C}.Release|x86.Build.0 = Release|Win32
		{AFB45A31-D9DD-4724-BA14-C658778159D8}.Debug|x64.ActiveCfg = Debug
		{AFB45A31-D9DD-4724-BA14-C658778159D8}.Debug|x86.ActiveCfg = Debug
		{AFB45A31-D9DD-4724-BA14-C658778159D8}.Release|x64.ActiveCfg = Release
		{AFB45A31-D9DD-4724-BA14-C658778159D8}.Release|x86.ActiveCfg = Release
		{A21C3DE6-3513-41FF-8CFB-C2B7B293EA4A}.Debug|x64.ActiveCfg = Debug
		{A21C3DE6-3513-41FF-8CFB-C2B7B293EA4A}.Debug|x86.ActiveCfg = Debug
		{A21C3DE6-3513-41FF-8CFB-C2B7B293EA4A}.Release|x64.ActiveCfg = Release
		{A21C3DE6-3513-41FF-8CFB-C2B7B293EA4A}.Release|x86.ActiveCfg = Release
	EndGlobalSection
	GlobalSection(SolutionProperties) = preSolution
		HideSolutionNode = FALSE
	EndGlobalSection
	GlobalSection(ExtensibilityGlobals) = postSolution
		SolutionGuid = {9A3EE5DB-44E4-497F-8AA2-B5B64B7125C4}
	EndGlobalSection
EndGlobal
